
Microsoft Visual Studio Solution File, Format Version 12.00
# Visual Studio Version 16
VisualStudioVersion = 16.0.31729.503
MinimumVisualStudioVersion = 10.0.40219.1
Project("{FAE04EC0-301F-11D3-BF4B-00C04F79EFBC}") = "VakıfbankAssesment", "VakıfbankAssesment.csproj", "{14861A94-4A5B-4A42-BECA-31263417A92F}"
EndProject
Global
	GlobalSection(SolutionConfigurationPlatforms) = preSolution
		Debug|Any CPU = Debug|Any CPU
		Release|Any CPU = Release|Any CPU
	EndGlobalSection
	GlobalSection(ProjectConfigurationPlatforms) = postSolution
		{14861A94-4A5B-4A42-BECA-31263417A92F}.Debug|Any CPU.ActiveCfg = Debug|Any CPU
		{14861A94-4A5B-4A42-BECA-31263417A92F}.Debug|Any CPU.Build.0 = Debug|Any CPU
		{14861A94-4A5B-4A42-BECA-31263417A92F}.Release|Any CPU.ActiveCfg = Release|Any CPU
		{14861A94-4A5B-4A42-BECA-31263417A92F}.Release|Any CPU.Build.0 = Release|Any CPU
	EndGlobalSection
	GlobalSection(SolutionProperties) = preSolution
		HideSolutionNode = FALSE
	EndGlobalSection
	GlobalSection(ExtensibilityGlobals) = postSolution
		SolutionGuid = {A13F9F78-961A-444F-B6AE-F7BF0C70DC02}
	EndGlobalSection
EndGlobal
